
Microsoft Visual Studio Solution File, Format Version 12.00
# Visual Studio Version 16
VisualStudioVersion = 16.0.30717.126
MinimumVisualStudioVersion = 10.0.40219.1
Project("{FAE04EC0-301F-11D3-BF4B-00C04F79EFBC}") = "AssignmentDay7", "AssignmentDay7\AssignmentDay7.csproj", "{028DA1AF-E0FE-444D-9D68-8ADD9DC8C0C2}"
EndProject
Global
	GlobalSection(SolutionConfigurationPlatforms) = preSolution
		Debug|Any CPU = Debug|Any CPU
		Release|Any CPU = Release|Any CPU
	EndGlobalSection
	GlobalSection(ProjectConfigurationPlatforms) = postSolution
		{028DA1AF-E0FE-444D-9D68-8ADD9DC8C0C2}.Debug|Any CPU.ActiveCfg = Debug|Any CPU
		{028DA1AF-E0FE-444D-9D68-8ADD9DC8C0C2}.Debug|Any CPU.Build.0 = Debug|Any CPU
		{028DA1AF-E0FE-444D-9D68-8ADD9DC8C0C2}.Release|Any CPU.ActiveCfg = Release|Any CPU
		{028DA1AF-E0FE-444D-9D68-8ADD9DC8C0C2}.Release|Any CPU.Build.0 = Release|Any CPU
	EndGlobalSection
	GlobalSection(SolutionProperties) = preSolution
		HideSolutionNode = FALSE
	EndGlobalSection
	GlobalSection(ExtensibilityGlobals) = postSolution
		SolutionGuid = {D7270CEE-1E02-403A-B947-7EC977F1842A}
	EndGlobalSection
EndGlobal
