
Microsoft Visual Studio Solution File, Format Version 12.00
# Visual Studio Version 16
VisualStudioVersion = 16.0.30717.126
MinimumVisualStudioVersion = 10.0.40219.1
Project("{FAE04EC0-301F-11D3-BF4B-00C04F79EFBC}") = "AssignmentDay5", "AssignmentDay5\AssignmentDay5.csproj", "{CDF18A8A-9180-431C-96A1-92DC07038BFF}"
EndProject
Project("{FAE04EC0-301F-11D3-BF4B-00C04F79EFBC}") = "Ques2", "Ques2\Ques2.csproj", "{B62709F6-0434-43FC-90B6-C952201FC214}"
EndProject
Project("{FAE04EC0-301F-11D3-BF4B-00C04F79EFBC}") = "Ques3", "Ques3\Ques3.csproj", "{CF5BF21B-3AE4-48F8-AB56-6811BA5FF268}"
EndProject
Global
	GlobalSection(SolutionConfigurationPlatforms) = preSolution
		Debug|Any CPU = Debug|Any CPU
		Release|Any CPU = Release|Any CPU
	EndGlobalSection
	GlobalSection(ProjectConfigurationPlatforms) = postSolution
		{CDF18A8A-9180-431C-96A1-92DC07038BFF}.Debug|Any CPU.ActiveCfg = Debug|Any CPU
		{CDF18A8A-9180-431C-96A1-92DC07038BFF}.Debug|Any CPU.Build.0 = Debug|Any CPU
		{CDF18A8A-9180-431C-96A1-92DC07038BFF}.Release|Any CPU.ActiveCfg = Release|Any CPU
		{CDF18A8A-9180-431C-96A1-92DC07038BFF}.Release|Any CPU.Build.0 = Release|Any CPU
		{B62709F6-0434-43FC-90B6-C952201FC214}.Debug|Any CPU.ActiveCfg = Debug|Any CPU
		{B62709F6-0434-43FC-90B6-C952201FC214}.Debug|Any CPU.Build.0 = Debug|Any CPU
		{B62709F6-0434-43FC-90B6-C952201FC214}.Release|Any CPU.ActiveCfg = Release|Any CPU
		{B62709F6-0434-43FC-90B6-C952201FC214}.Release|Any CPU.Build.0 = Release|Any CPU
		{CF5BF21B-3AE4-48F8-AB56-6811BA5FF268}.Debug|Any CPU.ActiveCfg = Debug|Any CPU
		{CF5BF21B-3AE4-48F8-AB56-6811BA5FF268}.Debug|Any CPU.Build.0 = Debug|Any CPU
		{CF5BF21B-3AE4-48F8-AB56-6811BA5FF268}.Release|Any CPU.ActiveCfg = Release|Any CPU
		{CF5BF21B-3AE4-48F8-AB56-6811BA5FF268}.Release|Any CPU.Build.0 = Release|Any CPU
	EndGlobalSection
	GlobalSection(SolutionProperties) = preSolution
		HideSolutionNode = FALSE
	EndGlobalSection
	GlobalSection(ExtensibilityGlobals) = postSolution
		SolutionGuid = {8293DABC-3DF6-45D7-A86A-268654C1337C}
	EndGlobalSection
EndGlobal
