
Microsoft Visual Studio Solution File, Format Version 12.00
# Visual Studio Version 16
VisualStudioVersion = 16.0.30717.126
MinimumVisualStudioVersion = 10.0.40219.1
Project("{FAE04EC0-301F-11D3-BF4B-00C04F79EFBC}") = "AssignmentDay9", "AssignmentDay9\AssignmentDay9.csproj", "{0C6F7BE7-578D-4619-9F36-CB34E18E4388}"
EndProject
Global
	GlobalSection(SolutionConfigurationPlatforms) = preSolution
		Debug|Any CPU = Debug|Any CPU
		Release|Any CPU = Release|Any CPU
	EndGlobalSection
	GlobalSection(ProjectConfigurationPlatforms) = postSolution
		{0C6F7BE7-578D-4619-9F36-CB34E18E4388}.Debug|Any CPU.ActiveCfg = Debug|Any CPU
		{0C6F7BE7-578D-4619-9F36-CB34E18E4388}.Debug|Any CPU.Build.0 = Debug|Any CPU
		{0C6F7BE7-578D-4619-9F36-CB34E18E4388}.Release|Any CPU.ActiveCfg = Release|Any CPU
		{0C6F7BE7-578D-4619-9F36-CB34E18E4388}.Release|Any CPU.Build.0 = Release|Any CPU
	EndGlobalSection
	GlobalSection(SolutionProperties) = preSolution
		HideSolutionNode = FALSE
	EndGlobalSection
	GlobalSection(ExtensibilityGlobals) = postSolution
		SolutionGuid = {74BDB242-530A-4D52-8913-9988D26D6212}
	EndGlobalSection
EndGlobal
